
Microsoft Visual Studio Solution File, Format Version 12.00
# Visual Studio Version 17
VisualStudioVersion = 17.14.36408.4 d17.14
MinimumVisualStudioVersion = 10.0.40219.1
Project("{8BC9CEB8-8B4A-11D0-8D11-00A0C91BC942}") = "8.12_Lab_ZyBooks", "8.12_Lab_ZyBooks\8.12_Lab_ZyBooks.vcxproj", "{32DB8ED2-66D9-48D6-8448-1452E2300CAA}"
EndProject
Global
	GlobalSection(SolutionConfigurationPlatforms) = preSolution
		Debug|x64 = Debug|x64
		Debug|x86 = Debug|x86
		Release|x64 = Release|x64
		Release|x86 = Release|x86
	EndGlobalSection
	GlobalSection(ProjectConfigurationPlatforms) = postSolution
		{32DB8ED2-66D9-48D6-8448-1452E2300CAA}.Debug|x64.ActiveCfg = Debug|x64
		{32DB8ED2-66D9-48D6-8448-1452E2300CAA}.Debug|x64.Build.0 = Debug|x64
		{32DB8ED2-66D9-48D6-8448-1452E2300CAA}.Debug|x86.ActiveCfg = Debug|Win32
		{32DB8ED2-66D9-48D6-8448-1452E2300CAA}.Debug|x86.Build.0 = Debug|Win32
		{32DB8ED2-66D9-48D6-8448-1452E2300CAA}.Release|x64.ActiveCfg = Release|x64
		{32DB8ED2-66D9-48D6-8448-1452E2300CAA}.Release|x64.Build.0 = Release|x64
		{32DB8ED2-66D9-48D6-8448-1452E2300CAA}.Release|x86.ActiveCfg = Release|Win32
		{32DB8ED2-66D9-48D6-8448-1452E2300CAA}.Release|x86.Build.0 = Release|Win32
	EndGlobalSection
	GlobalSection(SolutionProperties) = preSolution
		HideSolutionNode = FALSE
	EndGlobalSection
	GlobalSection(ExtensibilityGlobals) = postSolution
		SolutionGuid = {2AC7C20C-0B47-41DC-B146-47F1CA1E907B}
	EndGlobalSection
EndGlobal
